
Microsoft Visual Studio Solution File, Format Version 12.00
# Visual Studio Version 17
VisualStudioVersion = 17.1.32328.378
MinimumVisualStudioVersion = 10.0.40219.1
Project("{F184B08F-C81C-45F6-A57F-5ABD9991F28F}") = "Soft Usb Passwords", "Soft Usb Passwords\Soft Usb Passwords.vbproj", "{884CB546-7694-4791-ADF9-AD70FE5E1C7E}"
EndProject
Global
	GlobalSection(SolutionConfigurationPlatforms) = preSolution
		Debug|Any CPU = Debug|Any CPU
		Release|Any CPU = Release|Any CPU
	EndGlobalSection
	GlobalSection(ProjectConfigurationPlatforms) = postSolution
		{884CB546-7694-4791-ADF9-AD70FE5E1C7E}.Debug|Any CPU.ActiveCfg = Debug|Any CPU
		{884CB546-7694-4791-ADF9-AD70FE5E1C7E}.Debug|Any CPU.Build.0 = Debug|Any CPU
		{884CB546-7694-4791-ADF9-AD70FE5E1C7E}.Release|Any CPU.ActiveCfg = Release|Any CPU
		{884CB546-7694-4791-ADF9-AD70FE5E1C7E}.Release|Any CPU.Build.0 = Release|Any CPU
	EndGlobalSection
	GlobalSection(SolutionProperties) = preSolution
		HideSolutionNode = FALSE
	EndGlobalSection
	GlobalSection(ExtensibilityGlobals) = postSolution
		SolutionGuid = {22002314-67DB-4DF4-AED5-149F30C6E231}
	EndGlobalSection
EndGlobal
